
Microsoft Visual Studio Solution File, Format Version 12.00
# Visual Studio Version 16
VisualStudioVersion = 16.0.29905.134
MinimumVisualStudioVersion = 10.0.40219.1
Project("{FAE04EC0-301F-11D3-BF4B-00C04F79EFBC}") = "CursoCSharp", "CursoCSharp\CursoCSharp.csproj", "{9C62DB9B-C453-4873-B08D-7587FC698CFA}"
EndProject
Global
	GlobalSection(SolutionConfigurationPlatforms) = preSolution
		Debug|Any CPU = Debug|Any CPU
		Release|Any CPU = Release|Any CPU
	EndGlobalSection
	GlobalSection(ProjectConfigurationPlatforms) = postSolution
		{9C62DB9B-C453-4873-B08D-7587FC698CFA}.Debug|Any CPU.ActiveCfg = Debug|Any CPU
		{9C62DB9B-C453-4873-B08D-7587FC698CFA}.Debug|Any CPU.Build.0 = Debug|Any CPU
		{9C62DB9B-C453-4873-B08D-7587FC698CFA}.Release|Any CPU.ActiveCfg = Release|Any CPU
		{9C62DB9B-C453-4873-B08D-7587FC698CFA}.Release|Any CPU.Build.0 = Release|Any CPU
	EndGlobalSection
	GlobalSection(SolutionProperties) = preSolution
		HideSolutionNode = FALSE
	EndGlobalSection
	GlobalSection(ExtensibilityGlobals) = postSolution
		SolutionGuid = {6451AC07-283F-4E74-8945-AC52E0CD4678}
	EndGlobalSection
EndGlobal
